
Microsoft Visual Studio Solution File, Format Version 12.00
# Visual Studio Version 17
VisualStudioVersion = 17.0.31919.166
MinimumVisualStudioVersion = 10.0.40219.1
Project("{9A19103F-16F7-4668-BE54-9A1E7A4F7556}") = "King-of-the-Garbage-Hill", "King-of-the-Garbage-Hill\King-of-the-Garbage-Hill.csproj", "{2917999C-C241-4FA9-8F92-3A5567B3FFB9}"
EndProject
Global
	GlobalSection(SolutionConfigurationPlatforms) = preSolution
		Debug|Any CPU = Debug|Any CPU
		Release|Any CPU = Release|Any CPU
	EndGlobalSection
	GlobalSection(ProjectConfigurationPlatforms) = postSolution
		{2917999C-C241-4FA9-8F92-3A5567B3FFB9}.Debug|Any CPU.ActiveCfg = Debug|Any CPU
		{2917999C-C241-4FA9-8F92-3A5567B3FFB9}.Debug|Any CPU.Build.0 = Debug|Any CPU
		{2917999C-C241-4FA9-8F92-3A5567B3FFB9}.Release|Any CPU.ActiveCfg = Release|Any CPU
		{2917999C-C241-4FA9-8F92-3A5567B3FFB9}.Release|Any CPU.Build.0 = Release|Any CPU
	EndGlobalSection
	GlobalSection(SolutionProperties) = preSolution
		HideSolutionNode = FALSE
	EndGlobalSection
	GlobalSection(ExtensibilityGlobals) = postSolution
		SolutionGuid = {B1A7A4D4-743C-45AC-A964-A4CFA04EB29B}
	EndGlobalSection
EndGlobal
